// !$*UTF8*$!
{
	archiveVersion = 1;
	classes = {
	};
	objectVersion = 46;
	objects = {

/* Begin PBXBuildFile section */
		A32032ED1B648CC400255AD9 /* Main.storyboard in Resources */ = {isa = PBXBuildFile; fileRef = A32032EC1B648CC400255AD9 /* Main.storyboard */; };
		A36177D41B6487D900D5099F /* MoneyShot.m in Sources */ = {isa = PBXBuildFile; fileRef = A36177D31B6487D900D5099F /* MoneyShot.m */; };
		A38C03321B649B37002C81AD /* PaymentViewController.swift in Sources */ = {isa = PBXBuildFile; fileRef = A38C03311B649B37002C81AD /* PaymentViewController.swift */; };
		A38C03341B64A0EB002C81AD /* ProfileViewController.swift in Sources */ = {isa = PBXBuildFile; fileRef = A38C03331B64A0EB002C81AD /* ProfileViewController.swift */; };
		A3B6AD801B62283900468031 /* AppDelegate.swift in Sources */ = {isa = PBXBuildFile; fileRef = A3B6AD7F1B62283900468031 /* AppDelegate.swift */; };
		A3B6AD821B62283900468031 /* ViewController.swift in Sources */ = {isa = PBXBuildFile; fileRef = A3B6AD811B62283900468031 /* ViewController.swift */; };
		A3B6AD871B62283A00468031 /* Images.xcassets in Resources */ = {isa = PBXBuildFile; fileRef = A3B6AD861B62283A00468031 /* Images.xcassets */; };
		A3B6AD8A1B62283A00468031 /* LaunchScreen.xib in Resources */ = {isa = PBXBuildFile; fileRef = A3B6AD881B62283A00468031 /* LaunchScreen.xib */; };
		A3B6AD961B62283A00468031 /* MoneyShotTests.swift in Sources */ = {isa = PBXBuildFile; fileRef = A3B6AD951B62283A00468031 /* MoneyShotTests.swift */; };
		B4C064135BB47787ADEDFAD8 /* libPods.a in Frameworks */ = {isa = PBXBuildFile; fileRef = 104577F992030072332AA969 /* libPods.a */; };
/* End PBXBuildFile section */

/* Begin PBXContainerItemProxy section */
		A3B6AD901B62283A00468031 /* PBXContainerItemProxy */ = {
			isa = PBXContainerItemProxy;
			containerPortal = A3B6AD721B62283900468031 /* Project object */;
			proxyType = 1;
			remoteGlobalIDString = A3B6AD791B62283900468031;
			remoteInfo = MoneyShot;
		};
/* End PBXContainerItemProxy section */

/* Begin PBXFileReference section */
		104577F992030072332AA969 /* libPods.a */ = {isa = PBXFileReference; explicitFileType = archive.ar; includeInIndex = 0; path = libPods.a; sourceTree = BUILT_PRODUCTS_DIR; };
		7024E0D257033340BAD6BF20 /* Pods.debug.xcconfig */ = {isa = PBXFileReference; includeInIndex = 1; lastKnownFileType = text.xcconfig; name = Pods.debug.xcconfig; path = "Pods/Target Support Files/Pods/Pods.debug.xcconfig"; sourceTree = "<group>"; };
		A32032EC1B648CC400255AD9 /* Main.storyboard */ = {isa = PBXFileReference; fileEncoding = 4; lastKnownFileType = file.storyboard; path = Main.storyboard; sourceTree = "<group>"; };
		A36177D21B6487D900D5099F /* MoneyShot-Bridging-Header.h */ = {isa = PBXFileReference; lastKnownFileType = sourcecode.c.h; path = "MoneyShot-Bridging-Header.h"; sourceTree = "<group>"; };
		A36177D31B6487D900D5099F /* MoneyShot.m */ = {isa = PBXFileReference; fileEncoding = 4; lastKnownFileType = sourcecode.c.objc; path = MoneyShot.m; sourceTree = "<group>"; };
		A38C03311B649B37002C81AD /* PaymentViewController.swift */ = {isa = PBXFileReference; fileEncoding = 4; lastKnownFileType = sourcecode.swift; path = PaymentViewController.swift; sourceTree = "<group>"; };
		A38C03331B64A0EB002C81AD /* ProfileViewController.swift */ = {isa = PBXFileReference; fileEncoding = 4; lastKnownFileType = sourcecode.swift; path = ProfileViewController.swift; sourceTree = "<group>"; };
		A3B6AD7A1B62283900468031 /* MoneyShot.app */ = {isa = PBXFileReference; explicitFileType = wrapper.application; includeInIndex = 0; path = MoneyShot.app; sourceTree = BUILT_PRODUCTS_DIR; };
		A3B6AD7E1B62283900468031 /* Info.plist */ = {isa = PBXFileReference; lastKnownFileType = text.plist.xml; path = Info.plist; sourceTree = "<group>"; };
		A3B6AD7F1B62283900468031 /* AppDelegate.swift */ = {isa = PBXFileReference; lastKnownFileType = sourcecode.swift; path = AppDelegate.swift; sourceTree = "<group>"; };
		A3B6AD811B62283900468031 /* ViewController.swift */ = {isa = PBXFileReference; lastKnownFileType = sourcecode.swift; path = ViewController.swift; sourceTree = "<group>"; };
		A3B6AD861B62283A00468031 /* Images.xcassets */ = {isa = PBXFileReference; lastKnownFileType = folder.assetcatalog; path = Images.xcassets; sourceTree = "<group>"; };
		A3B6AD891B62283A00468031 /* Base */ = {isa = PBXFileReference; lastKnownFileType = file.xib; name = Base; path = Base.lproj/LaunchScreen.xib; sourceTree = "<group>"; };
		A3B6AD8F1B62283A00468031 /* MoneyShotTests.xctest */ = {isa = PBXFileReference; explicitFileType = wrapper.cfbundle; includeInIndex = 0; path = MoneyShotTests.xctest; sourceTree = BUILT_PRODUCTS_DIR; };
		A3B6AD941B62283A00468031 /* Info.plist */ = {isa = PBXFileReference; lastKnownFileType = text.plist.xml; path = Info.plist; sourceTree = "<group>"; };
		A3B6AD951B62283A00468031 /* MoneyShotTests.swift */ = {isa = PBXFileReference; lastKnownFileType = sourcecode.swift; path = MoneyShotTests.swift; sourceTree = "<group>"; };
		B3018578734C1AA185ECFDA6 /* Pods.release.xcconfig */ = {isa = PBXFileReference; includeInIndex = 1; lastKnownFileType = text.xcconfig; name = Pods.release.xcconfig; path = "Pods/Target Support Files/Pods/Pods.release.xcconfig"; sourceTree = "<group>"; };
/* End PBXFileReference section */

/* Begin PBXFrameworksBuildPhase section */
		A3B6AD771B62283900468031 /* Frameworks */ = {
			isa = PBXFrameworksBuildPhase;
			buildActionMask = 2147483647;
			files = (
				B4C064135BB47787ADEDFAD8 /* libPods.a in Frameworks */,
			);
			runOnlyForDeploymentPostprocessing = 0;
		};
		A3B6AD8C1B62283A00468031 /* Frameworks */ = {
			isa = PBXFrameworksBuildPhase;
			buildActionMask = 2147483647;
			files = (
			);
			runOnlyForDeploymentPostprocessing = 0;
		};
/* End PBXFrameworksBuildPhase section */

/* Begin PBXGroup section */
		A3B6AD711B62283900468031 = {
			isa = PBXGroup;
			children = (
				A3B6AD7C1B62283900468031 /* MoneyShot */,
				A3B6AD921B62283A00468031 /* MoneyShotTests */,
				A3B6AD7B1B62283900468031 /* Products */,
				D06F7CFFBA2166DEB83C6F60 /* Pods */,
				DED5932086BFE245F4822196 /* Frameworks */,
			);
			sourceTree = "<group>";
		};
		A3B6AD7B1B62283900468031 /* Products */ = {
			isa = PBXGroup;
			children = (
				A3B6AD7A1B62283900468031 /* MoneyShot.app */,
				A3B6AD8F1B62283A00468031 /* MoneyShotTests.xctest */,
			);
			name = Products;
			sourceTree = "<group>";
		};
		A3B6AD7C1B62283900468031 /* MoneyShot */ = {
			isa = PBXGroup;
			children = (
				A3B6AD7F1B62283900468031 /* AppDelegate.swift */,
				A36177D31B6487D900D5099F /* MoneyShot.m */,
				A3B6AD811B62283900468031 /* ViewController.swift */,
				A38C03311B649B37002C81AD /* PaymentViewController.swift */,
				A38C03331B64A0EB002C81AD /* ProfileViewController.swift */,
				A32032EC1B648CC400255AD9 /* Main.storyboard */,
				A3B6AD861B62283A00468031 /* Images.xcassets */,
				A3B6AD881B62283A00468031 /* LaunchScreen.xib */,
				A3B6AD7D1B62283900468031 /* Supporting Files */,
				A36177D21B6487D900D5099F /* MoneyShot-Bridging-Header.h */,
			);
			path = MoneyShot;
			sourceTree = "<group>";
		};
		A3B6AD7D1B62283900468031 /* Supporting Files */ = {
			isa = PBXGroup;
			children = (
				A3B6AD7E1B62283900468031 /* Info.plist */,
			);
			name = "Supporting Files";
			sourceTree = "<group>";
		};
		A3B6AD921B62283A00468031 /* MoneyShotTests */ = {
			isa = PBXGroup;
			children = (
				A3B6AD951B62283A00468031 /* MoneyShotTests.swift */,
				A3B6AD931B62283A00468031 /* Supporting Files */,
			);
			path = MoneyShotTests;
			sourceTree = "<group>";
		};
		A3B6AD931B62283A00468031 /* Supporting Files */ = {
			isa = PBXGroup;
			children = (
				A3B6AD941B62283A00468031 /* Info.plist */,
			);
			name = "Supporting Files";
			sourceTree = "<group>";
		};
		D06F7CFFBA2166DEB83C6F60 /* Pods */ = {
			isa = PBXGroup;
			children = (
				7024E0D257033340BAD6BF20 /* Pods.debug.xcconfig */,
				B3018578734C1AA185ECFDA6 /* Pods.release.xcconfig */,
			);
			name = Pods;
			sourceTree = "<group>";
		};
		DED5932086BFE245F4822196 /* Frameworks */ = {
			isa = PBXGroup;
			children = (
				104577F992030072332AA969 /* libPods.a */,
			);
			name = Frameworks;
			sourceTree = "<group>";
		};
/* End PBXGroup section */

/* Begin PBXNativeTarget section */
		A3B6AD791B62283900468031 /* MoneyShot */ = {
			isa = PBXNativeTarget;
			buildConfigurationList = A3B6AD991B62283A00468031 /* Build configuration list for PBXNativeTarget "MoneyShot" */;
			buildPhases = (
				5DF9F4D7C5E6A1DB719E2F71 /* Check Pods Manifest.lock */,
				A3B6AD761B62283900468031 /* Sources */,
				A3B6AD771B62283900468031 /* Frameworks */,
				A3B6AD781B62283900468031 /* Resources */,
				38113FC53C34A3B44459980F /* Copy Pods Resources */,
			);
			buildRules = (
			);
			dependencies = (
			);
			name = MoneyShot;
			productName = MoneyShot;
			productReference = A3B6AD7A1B62283900468031 /* MoneyShot.app */;
			productType = "com.apple.product-type.application";
		};
		A3B6AD8E1B62283A00468031 /* MoneyShotTests */ = {
			isa = PBXNativeTarget;
			buildConfigurationList = A3B6AD9C1B62283A00468031 /* Build configuration list for PBXNativeTarget "MoneyShotTests" */;
			buildPhases = (
				A3B6AD8B1B62283A00468031 /* Sources */,
				A3B6AD8C1B62283A00468031 /* Frameworks */,
				A3B6AD8D1B62283A00468031 /* Resources */,
			);
			buildRules = (
			);
			dependencies = (
				A3B6AD911B62283A00468031 /* PBXTargetDependency */,
			);
			name = MoneyShotTests;
			productName = MoneyShotTests;
			productReference = A3B6AD8F1B62283A00468031 /* MoneyShotTests.xctest */;
			productType = "com.apple.product-type.bundle.unit-test";
		};
/* End PBXNativeTarget section */

/* Begin PBXProject section */
		A3B6AD721B62283900468031 /* Project object */ = {
			isa = PBXProject;
			attributes = {
				LastUpgradeCheck = 0640;
				ORGANIZATIONNAME = "Michael Vieth";
				TargetAttributes = {
					A3B6AD791B62283900468031 = {
						CreatedOnToolsVersion = 6.4;
						DevelopmentTeam = DFN4KT5YK3;
					};
					A3B6AD8E1B62283A00468031 = {
						CreatedOnToolsVersion = 6.4;
						TestTargetID = A3B6AD791B62283900468031;
					};
				};
			};
			buildConfigurationList = A3B6AD751B62283900468031 /* Build configuration list for PBXProject "MoneyShot" */;
			compatibilityVersion = "Xcode 3.2";
			developmentRegion = English;
			hasScannedForEncodings = 0;
			knownRegions = (
				en,
				Base,
			);
			mainGroup = A3B6AD711B62283900468031;
			productRefGroup = A3B6AD7B1B62283900468031 /* Products */;
			projectDirPath = "";
			projectRoot = "";
			targets = (
				A3B6AD791B62283900468031 /* MoneyShot */,
				A3B6AD8E1B62283A00468031 /* MoneyShotTests */,
			);
		};
/* End PBXProject section */

/* Begin PBXResourcesBuildPhase section */
		A3B6AD781B62283900468031 /* Resources */ = {
			isa = PBXResourcesBuildPhase;
			buildActionMask = 2147483647;
			files = (
				A3B6AD8A1B62283A00468031 /* LaunchScreen.xib in Resources */,
				A3B6AD871B62283A00468031 /* Images.xcassets in Resources */,
				A32032ED1B648CC400255AD9 /* Main.storyboard in Resources */,
			);
			runOnlyForDeploymentPostprocessing = 0;
		};
		A3B6AD8D1B62283A00468031 /* Resources */ = {
			isa = PBXResourcesBuildPhase;
			buildActionMask = 2147483647;
			files = (
			);
			runOnlyForDeploymentPostprocessing = 0;
		};
/* End PBXResourcesBuildPhase section */

/* Begin PBXShellScriptBuildPhase section */
		38113FC53C34A3B44459980F /* Copy Pods Resources */ = {
			isa = PBXShellScriptBuildPhase;
			buildActionMask = 2147483647;
			files = (
			);
			inputPaths = (
			);
			name = "Copy Pods Resources";
			outputPaths = (
			);
			runOnlyForDeploymentPostprocessing = 0;
			shellPath = /bin/sh;
			shellScript = "\"${SRCROOT}/Pods/Target Support Files/Pods/Pods-resources.sh\"\n";
			showEnvVarsInLog = 0;
		};
		5DF9F4D7C5E6A1DB719E2F71 /* Check Pods Manifest.lock */ = {
			isa = PBXShellScriptBuildPhase;
			buildActionMask = 2147483647;
			files = (
			);
			inputPaths = (
			);
			name = "Check Pods Manifest.lock";
			outputPaths = (
			);
			runOnlyForDeploymentPostprocessing = 0;
			shellPath = /bin/sh;
			shellScript = "diff \"${PODS_ROOT}/../Podfile.lock\" \"${PODS_ROOT}/Manifest.lock\" > /dev/null\nif [[ $? != 0 ]] ; then\n    cat << EOM\nerror: The sandbox is not in sync with the Podfile.lock. Run 'pod install' or update your CocoaPods installation.\nEOM\n    exit 1\nfi\n";
			showEnvVarsInLog = 0;
		};
/* End PBXShellScriptBuildPhase section */

/* Begin PBXSourcesBuildPhase section */
		A3B6AD761B62283900468031 /* Sources */ = {
			isa = PBXSourcesBuildPhase;
			buildActionMask = 2147483647;
			files = (
				A36177D41B6487D900D5099F /* MoneyShot.m in Sources */,
				A3B6AD821B62283900468031 /* ViewController.swift in Sources */,
				A38C03341B64A0EB002C81AD /* ProfileViewController.swift in Sources */,
				A3B6AD801B62283900468031 /* AppDelegate.swift in Sources */,
				A38C03321B649B37002C81AD /* PaymentViewController.swift in Sources */,
			);
			runOnlyForDeploymentPostprocessing = 0;
		};
		A3B6AD8B1B62283A00468031 /* Sources */ = {
			isa = PBXSourcesBuildPhase;
			buildActionMask = 2147483647;
			files = (
				A3B6AD961B62283A00468031 /* MoneyShotTests.swift in Sources */,
			);
			runOnlyForDeploymentPostprocessing = 0;
		};
/* End PBXSourcesBuildPhase section */

/* Begin PBXTargetDependency section */
		A3B6AD911B62283A00468031 /* PBXTargetDependency */ = {
			isa = PBXTargetDependency;
			target = A3B6AD791B62283900468031 /* MoneyShot */;
			targetProxy = A3B6AD901B62283A00468031 /* PBXContainerItemProxy */;
		};
/* End PBXTargetDependency section */

/* Begin PBXVariantGroup section */
		A3B6AD881B62283A00468031 /* LaunchScreen.xib */ = {
			isa = PBXVariantGroup;
			children = (
				A3B6AD891B62283A00468031 /* Base */,
			);
			name = LaunchScreen.xib;
			sourceTree = "<group>";
		};
/* End PBXVariantGroup section */

/* Begin XCBuildConfiguration section */
		A3B6AD971B62283A00468031 /* Debug */ = {
			isa = XCBuildConfiguration;
			buildSettings = {
				ALWAYS_SEARCH_USER_PATHS = NO;
				CLANG_CXX_LANGUAGE_STANDARD = "gnu++0x";
				CLANG_CXX_LIBRARY = "libc++";
				CLANG_ENABLE_MODULES = YES;
				CLANG_ENABLE_OBJC_ARC = YES;
				CLANG_WARN_BOOL_CONVERSION = YES;
				CLANG_WARN_CONSTANT_CONVERSION = YES;
				CLANG_WARN_DIRECT_OBJC_ISA_USAGE = YES_ERROR;
				CLANG_WARN_EMPTY_BODY = YES;
				CLANG_WARN_ENUM_CONVERSION = YES;
				CLANG_WARN_INT_CONVERSION = YES;
				CLANG_WARN_OBJC_ROOT_CLASS = YES_ERROR;
				CLANG_WARN_UNREACHABLE_CODE = YES;
				CLANG_WARN__DUPLICATE_METHOD_MATCH = YES;
				"CODE_SIGN_IDENTITY[sdk=iphoneos*]" = "iPhone Developer";
				COPY_PHASE_STRIP = NO;
				DEBUG_INFORMATION_FORMAT = "dwarf-with-dsym";
				ENABLE_STRICT_OBJC_MSGSEND = YES;
				GCC_C_LANGUAGE_STANDARD = gnu99;
				GCC_DYNAMIC_NO_PIC = NO;
				GCC_NO_COMMON_BLOCKS = YES;
				GCC_OPTIMIZATION_LEVEL = 0;
				GCC_PREPROCESSOR_DEFINITIONS = (
					"DEBUG=1",
					"$(inherited)",
				);
				GCC_SYMBOLS_PRIVATE_EXTERN = NO;
				GCC_WARN_64_TO_32_BIT_CONVERSION = YES;
				GCC_WARN_ABOUT_RETURN_TYPE = YES_ERROR;
				GCC_WARN_UNDECLARED_SELECTOR = YES;
				GCC_WARN_UNINITIALIZED_AUTOS = YES_AGGRESSIVE;
				GCC_WARN_UNUSED_FUNCTION = YES;
				GCC_WARN_UNUSED_VARIABLE = YES;
				IPHONEOS_DEPLOYMENT_TARGET = 8.4;
				MTL_ENABLE_DEBUG_INFO = YES;
				ONLY_ACTIVE_ARCH = YES;
				SDKROOT = iphoneos;
				SWIFT_OPTIMIZATION_LEVEL = "-Onone";
				TARGETED_DEVICE_FAMILY = "1,2";
			};
			name = Debug;
		};
		A3B6AD981B62283A00468031 /* Release */ = {
			isa = XCBuildConfiguration;
			buildSettings = {
				ALWAYS_SEARCH_USER_PATHS = NO;
				CLANG_CXX_LANGUAGE_STANDARD = "gnu++0x";
				CLANG_CXX_LIBRARY = "libc++";
				CLANG_ENABLE_MODULES = YES;
				CLANG_ENABLE_OBJC_ARC = YES;
				CLANG_WARN_BOOL_CONVERSION = YES;
				CLANG_WARN_CONSTANT_CONVERSION = YES;
				CLANG_WARN_DIRECT_OBJC_ISA_USAGE = YES_ERROR;
				CLANG_WARN_EMPTY_BODY = YES;
				CLANG_WARN_ENUM_CONVERSION = YES;
				CLANG_WARN_INT_CONVERSION = YES;
				CLANG_WARN_OBJC_ROOT_CLASS = YES_ERROR;
				CLANG_WARN_UNREACHABLE_CODE = YES;
				CLANG_WARN__DUPLICATE_METHOD_MATCH = YES;
				"CODE_SIGN_IDENTITY[sdk=iphoneos*]" = "iPhone Developer";
				COPY_PHASE_STRIP = NO;
				DEBUG_INFORMATION_FORMAT = "dwarf-with-dsym";
				ENABLE_NS_ASSERTIONS = NO;
				ENABLE_STRICT_OBJC_MSGSEND = YES;
				GCC_C_LANGUAGE_STANDARD = gnu99;
				GCC_NO_COMMON_BLOCKS = YES;
				GCC_WARN_64_TO_32_BIT_CONVERSION = YES;
				GCC_WARN_ABOUT_RETURN_TYPE = YES_ERROR;
				GCC_WARN_UNDECLARED_SELECTOR = YES;
				GCC_WARN_UNINITIALIZED_AUTOS = YES_AGGRESSIVE;
				GCC_WARN_UNUSED_FUNCTION = YES;
				GCC_WARN_UNUSED_VARIABLE = YES;
				IPHONEOS_DEPLOYMENT_TARGET = 8.4;
				MTL_ENABLE_DEBUG_INFO = NO;
				SDKROOT = iphoneos;
				TARGETED_DEVICE_FAMILY = "1,2";
				VALIDATE_PRODUCT = YES;
			};
			name = Release;
		};
		A3B6AD9A1B62283A00468031 /* Debug */ = {
			isa = XCBuildConfiguration;
			baseConfigurationReference = 7024E0D257033340BAD6BF20 /* Pods.debug.xcconfig */;
			buildSettings = {
				ASSETCATALOG_COMPILER_APPICON_NAME = AppIcon;
				CLANG_ENABLE_MODULES = YES;
				CODE_SIGN_IDENTITY = "iPhone Developer";
				INFOPLIST_FILE = MoneyShot/Info.plist;
				LD_RUNPATH_SEARCH_PATHS = "$(inherited) @executable_path/Frameworks";
				PRODUCT_NAME = "$(TARGET_NAME)";
				SWIFT_OBJC_BRIDGING_HEADER = "MoneyShot/MoneyShot-Bridging-Header.h";
				SWIFT_OPTIMIZATION_LEVEL = "-Onone";
				TARGETED_DEVICE_FAMILY = "1,2";
			};
			name = Debug;
		};
		A3B6AD9B1B62283A00468031 /* Release */ = {
			isa = XCBuildConfiguration;
			baseConfigurationReference = B3018578734C1AA185ECFDA6 /* Pods.release.xcconfig */;
			buildSettings = {
				ASSETCATALOG_COMPILER_APPICON_NAME = AppIcon;
				CLANG_ENABLE_MODULES = YES;
				CODE_SIGN_IDENTITY = "iPhone Developer";
				INFOPLIST_FILE = MoneyShot/Info.plist;
				LD_RUNPATH_SEARCH_PATHS = "$(inherited) @executable_path/Frameworks";
				PRODUCT_NAME = "$(TARGET_NAME)";
				SWIFT_OBJC_BRIDGING_HEADER = "MoneyShot/MoneyShot-Bridging-Header.h";
				TARGETED_DEVICE_FAMILY = "1,2";
			};
			name = Release;
		};
		A3B6AD9D1B62283A00468031 /* Debug */ = {
			isa = XCBuildConfiguration;
			buildSettings = {
				BUNDLE_LOADER = "$(TEST_HOST)";
				FRAMEWORK_SEARCH_PATHS = (
					"$(SDKROOT)/Developer/Library/Frameworks",
					"$(inherited)",
				);
				GCC_PREPROCESSOR_DEFINITIONS = (
					"DEBUG=1",
					"$(inherited)",
				);
				INFOPLIST_FILE = MoneyShotTests/Info.plist;
				LD_RUNPATH_SEARCH_PATHS = "$(inherited) @executable_path/Frameworks @loader_path/Frameworks";
				PRODUCT_NAME = "$(TARGET_NAME)";
				TEST_HOST = "$(BUILT_PRODUCTS_DIR)/MoneyShot.app/MoneyShot";
			};
			name = Debug;
		};
		A3B6AD9E1B62283A00468031 /* Release */ = {
			isa = XCBuildConfiguration;
			buildSettings = {
				BUNDLE_LOADER = "$(TEST_HOST)";
				FRAMEWORK_SEARCH_PATHS = (
					"$(SDKROOT)/Developer/Library/Frameworks",
					"$(inherited)",
				);
				INFOPLIST_FILE = MoneyShotTests/Info.plist;
				LD_RUNPATH_SEARCH_PATHS = "$(inherited) @executable_path/Frameworks @loader_path/Frameworks";
				PRODUCT_NAME = "$(TARGET_NAME)";
				TEST_HOST = "$(BUILT_PRODUCTS_DIR)/MoneyShot.app/MoneyShot";
			};
			name = Release;
		};
/* End XCBuildConfiguration section */

/* Begin XCConfigurationList section */
		A3B6AD751B62283900468031 /* Build configuration list for PBXProject "MoneyShot" */ = {
			isa = XCConfigurationList;
			buildConfigurations = (
				A3B6AD971B62283A00468031 /* Debug */,
				A3B6AD981B62283A00468031 /* Release */,
			);
			defaultConfigurationIsVisible = 0;
			defaultConfigurationName = Release;
		};
		A3B6AD991B62283A00468031 /* Build configuration list for PBXNativeTarget "MoneyShot" */ = {
			isa = XCConfigurationList;
			buildConfigurations = (
				A3B6AD9A1B62283A00468031 /* Debug */,
				A3B6AD9B1B62283A00468031 /* Release */,
			);
			defaultConfigurationIsVisible = 0;
			defaultConfigurationName = Release;
		};
		A3B6AD9C1B62283A00468031 /* Build configuration list for PBXNativeTarget "MoneyShotTests" */ = {
			isa = XCConfigurationList;
			buildConfigurations = (
				A3B6AD9D1B62283A00468031 /* Debug */,
				A3B6AD9E1B62283A00468031 /* Release */,
			);
			defaultConfigurationIsVisible = 0;
			defaultConfigurationName = Release;
		};
/* End XCConfigurationList section */
	};
	rootObject = A3B6AD721B62283900468031 /* Project object */;
}
